// !$*UTF8*$!
{
	archiveVersion = 1;
	classes = {
	};
	objectVersion = 46;
	objects = {

/* Begin PBXBuildFile section */
		67C5BE5F8EE24CFD358019A2 /* Pods_tumblr.framework in Frameworks */ = {isa = PBXBuildFile; fileRef = BBF2ABBF8DB3A2656811E652 /* Pods_tumblr.framework */; };
		D59DD5DB1E371D5B00EB3AEB /* PhotosViewController.swift in Sources */ = {isa = PBXBuildFile; fileRef = D59DD5DA1E371D5B00EB3AEB /* PhotosViewController.swift */; };
		D59DD5DD1E371DCB00EB3AEB /* KeyDefinitions.swift in Sources */ = {isa = PBXBuildFile; fileRef = D59DD5DC1E371DCB00EB3AEB /* KeyDefinitions.swift */; };
		D59DD5DF1E37222500EB3AEB /* PhotoTableViewCell.swift in Sources */ = {isa = PBXBuildFile; fileRef = D59DD5DE1E37222500EB3AEB /* PhotoTableViewCell.swift */; };
		D5E58EDB1E371B9A00E5E029 /* AppDelegate.swift in Sources */ = {isa = PBXBuildFile; fileRef = D5E58EDA1E371B9A00E5E029 /* AppDelegate.swift */; };
		D5E58EE01E371B9A00E5E029 /* Main.storyboard in Resources */ = {isa = PBXBuildFile; fileRef = D5E58EDE1E371B9A00E5E029 /* Main.storyboard */; };
		D5E58EE21E371B9A00E5E029 /* Assets.xcassets in Resources */ = {isa = PBXBuildFile; fileRef = D5E58EE11E371B9A00E5E029 /* Assets.xcassets */; };
		D5E58EE51E371B9A00E5E029 /* LaunchScreen.storyboard in Resources */ = {isa = PBXBuildFile; fileRef = D5E58EE31E371B9A00E5E029 /* LaunchScreen.storyboard */; };
/* End PBXBuildFile section */

/* Begin PBXFileReference section */
		238DC9FEFDFFB17D171D22AA /* Pods-tumblr.release.xcconfig */ = {isa = PBXFileReference; includeInIndex = 1; lastKnownFileType = text.xcconfig; name = "Pods-tumblr.release.xcconfig"; path = "Pods/Target Support Files/Pods-tumblr/Pods-tumblr.release.xcconfig"; sourceTree = "<group>"; };
		4699664461EDE795730ADE64 /* Pods-tumblr.debug.xcconfig */ = {isa = PBXFileReference; includeInIndex = 1; lastKnownFileType = text.xcconfig; name = "Pods-tumblr.debug.xcconfig"; path = "Pods/Target Support Files/Pods-tumblr/Pods-tumblr.debug.xcconfig"; sourceTree = "<group>"; };
		BBF2ABBF8DB3A2656811E652 /* Pods_tumblr.framework */ = {isa = PBXFileReference; explicitFileType = wrapper.framework; includeInIndex = 0; path = Pods_tumblr.framework; sourceTree = BUILT_PRODUCTS_DIR; };
		D59DD5DA1E371D5B00EB3AEB /* PhotosViewController.swift */ = {isa = PBXFileReference; fileEncoding = 4; lastKnownFileType = sourcecode.swift; path = PhotosViewController.swift; sourceTree = "<group>"; };
		D59DD5DC1E371DCB00EB3AEB /* KeyDefinitions.swift */ = {isa = PBXFileReference; fileEncoding = 4; lastKnownFileType = sourcecode.swift; path = KeyDefinitions.swift; sourceTree = "<group>"; };
		D59DD5DE1E37222500EB3AEB /* PhotoTableViewCell.swift */ = {isa = PBXFileReference; fileEncoding = 4; lastKnownFileType = sourcecode.swift; path = PhotoTableViewCell.swift; sourceTree = "<group>"; };
		D5E58ED71E371B9A00E5E029 /* tumblr.app */ = {isa = PBXFileReference; explicitFileType = wrapper.application; includeInIndex = 0; path = tumblr.app; sourceTree = BUILT_PRODUCTS_DIR; };
		D5E58EDA1E371B9A00E5E029 /* AppDelegate.swift */ = {isa = PBXFileReference; lastKnownFileType = sourcecode.swift; path = AppDelegate.swift; sourceTree = "<group>"; };
		D5E58EDF1E371B9A00E5E029 /* Base */ = {isa = PBXFileReference; lastKnownFileType = file.storyboard; name = Base; path = Base.lproj/Main.storyboard; sourceTree = "<group>"; };
		D5E58EE11E371B9A00E5E029 /* Assets.xcassets */ = {isa = PBXFileReference; lastKnownFileType = folder.assetcatalog; path = Assets.xcassets; sourceTree = "<group>"; };
		D5E58EE41E371B9A00E5E029 /* Base */ = {isa = PBXFileReference; lastKnownFileType = file.storyboard; name = Base; path = Base.lproj/LaunchScreen.storyboard; sourceTree = "<group>"; };
		D5E58EE61E371B9A00E5E029 /* Info.plist */ = {isa = PBXFileReference; lastKnownFileType = text.plist.xml; path = Info.plist; sourceTree = "<group>"; };
/* End PBXFileReference section */

/* Begin PBXFrameworksBuildPhase section */
		D5E58ED41E371B9A00E5E029 /* Frameworks */ = {
			isa = PBXFrameworksBuildPhase;
			buildActionMask = 2147483647;
			files = (
				67C5BE5F8EE24CFD358019A2 /* Pods_tumblr.framework in Frameworks */,
			);
			runOnlyForDeploymentPostprocessing = 0;
		};
/* End PBXFrameworksBuildPhase section */

/* Begin PBXGroup section */
		7B3BF7EE3F83639FF0676C7A /* Pods */ = {
			isa = PBXGroup;
			children = (
				4699664461EDE795730ADE64 /* Pods-tumblr.debug.xcconfig */,
				238DC9FEFDFFB17D171D22AA /* Pods-tumblr.release.xcconfig */,
			);
			name = Pods;
			sourceTree = "<group>";
		};
		7E37117A669633958104AD9E /* Frameworks */ = {
			isa = PBXGroup;
			children = (
				BBF2ABBF8DB3A2656811E652 /* Pods_tumblr.framework */,
			);
			name = Frameworks;
			sourceTree = "<group>";
		};
		D5E58ECE1E371B9A00E5E029 = {
			isa = PBXGroup;
			children = (
				D5E58ED91E371B9A00E5E029 /* tumblr */,
				D5E58ED81E371B9A00E5E029 /* Products */,
				7B3BF7EE3F83639FF0676C7A /* Pods */,
				7E37117A669633958104AD9E /* Frameworks */,
			);
			sourceTree = "<group>";
		};
		D5E58ED81E371B9A00E5E029 /* Products */ = {
			isa = PBXGroup;
			children = (
				D5E58ED71E371B9A00E5E029 /* tumblr.app */,
			);
			name = Products;
			sourceTree = "<group>";
		};
		D5E58ED91E371B9A00E5E029 /* tumblr */ = {
			isa = PBXGroup;
			children = (
				D5E58EDA1E371B9A00E5E029 /* AppDelegate.swift */,
				D5E58EDE1E371B9A00E5E029 /* Main.storyboard */,
				D5E58EE11E371B9A00E5E029 /* Assets.xcassets */,
				D5E58EE31E371B9A00E5E029 /* LaunchScreen.storyboard */,
				D5E58EE61E371B9A00E5E029 /* Info.plist */,
				D59DD5DA1E371D5B00EB3AEB /* PhotosViewController.swift */,
				D59DD5DC1E371DCB00EB3AEB /* KeyDefinitions.swift */,
				D59DD5DE1E37222500EB3AEB /* PhotoTableViewCell.swift */,
			);
			path = tumblr;
			sourceTree = "<group>";
		};
/* End PBXGroup section */

/* Begin PBXNativeTarget section */
		D5E58ED61E371B9A00E5E029 /* tumblr */ = {
			isa = PBXNativeTarget;
			buildConfigurationList = D5E58EE91E371B9A00E5E029 /* Build configuration list for PBXNativeTarget "tumblr" */;
			buildPhases = (
				CA856FD76D9CB0CE59DD3159 /* [CP] Check Pods Manifest.lock */,
				D5E58ED31E371B9A00E5E029 /* Sources */,
				D5E58ED41E371B9A00E5E029 /* Frameworks */,
				D5E58ED51E371B9A00E5E029 /* Resources */,
				2C28ECF74A7059659604950C /* [CP] Embed Pods Frameworks */,
				557ED4851BCC575AB022B73C /* [CP] Copy Pods Resources */,
			);
			buildRules = (
			);
			dependencies = (
			);
			name = tumblr;
			productName = tumblr;
			productReference = D5E58ED71E371B9A00E5E029 /* tumblr.app */;
			productType = "com.apple.product-type.application";
		};
/* End PBXNativeTarget section */

/* Begin PBXProject section */
		D5E58ECF1E371B9A00E5E029 /* Project object */ = {
			isa = PBXProject;
			attributes = {
				LastSwiftUpdateCheck = 0820;
				LastUpgradeCheck = 0820;
				ORGANIZATIONNAME = "Nick McDonald";
				TargetAttributes = {
					D5E58ED61E371B9A00E5E029 = {
						CreatedOnToolsVersion = 8.2.1;
						DevelopmentTeam = 3QT27T2PJ3;
						ProvisioningStyle = Automatic;
					};
				};
			};
			buildConfigurationList = D5E58ED21E371B9A00E5E029 /* Build configuration list for PBXProject "tumblr" */;
			compatibilityVersion = "Xcode 3.2";
			developmentRegion = English;
			hasScannedForEncodings = 0;
			knownRegions = (
				en,
				Base,
			);
			mainGroup = D5E58ECE1E371B9A00E5E029;
			productRefGroup = D5E58ED81E371B9A00E5E029 /* Products */;
			projectDirPath = "";
			projectRoot = "";
			targets = (
				D5E58ED61E371B9A00E5E029 /* tumblr */,
			);
		};
/* End PBXProject section */

/* Begin PBXResourcesBuildPhase section */
		D5E58ED51E371B9A00E5E029 /* Resources */ = {
			isa = PBXResourcesBuildPhase;
			buildActionMask = 2147483647;
			files = (
				D5E58EE51E371B9A00E5E029 /* LaunchScreen.storyboard in Resources */,
				D5E58EE21E371B9A00E5E029 /* Assets.xcassets in Resources */,
				D5E58EE01E371B9A00E5E029 /* Main.storyboard in Resources */,
			);
			runOnlyForDeploymentPostprocessing = 0;
		};
/* End PBXResourcesBuildPhase section */

/* Begin PBXShellScriptBuildPhase section */
		2C28ECF74A7059659604950C /* [CP] Embed Pods Frameworks */ = {
			isa = PBXShellScriptBuildPhase;
			buildActionMask = 2147483647;
			files = (
			);
			inputPaths = (
			);
			name = "[CP] Embed Pods Frameworks";
			outputPaths = (
			);
			runOnlyForDeploymentPostprocessing = 0;
			shellPath = /bin/sh;
			shellScript = "\"${SRCROOT}/Pods/Target Support Files/Pods-tumblr/Pods-tumblr-frameworks.sh\"\n";
			showEnvVarsInLog = 0;
		};
		557ED4851BCC575AB022B73C /* [CP] Copy Pods Resources */ = {
			isa = PBXShellScriptBuildPhase;
			buildActionMask = 2147483647;
			files = (
			);
			inputPaths = (
			);
			name = "[CP] Copy Pods Resources";
			outputPaths = (
			);
			runOnlyForDeploymentPostprocessing = 0;
			shellPath = /bin/sh;
			shellScript = "\"${SRCROOT}/Pods/Target Support Files/Pods-tumblr/Pods-tumblr-resources.sh\"\n";
			showEnvVarsInLog = 0;
		};
		CA856FD76D9CB0CE59DD3159 /* [CP] Check Pods Manifest.lock */ = {
			isa = PBXShellScriptBuildPhase;
			buildActionMask = 2147483647;
			files = (
			);
			inputPaths = (
			);
			name = "[CP] Check Pods Manifest.lock";
			outputPaths = (
			);
			runOnlyForDeploymentPostprocessing = 0;
			shellPath = /bin/sh;
			shellScript = "diff \"${PODS_ROOT}/../Podfile.lock\" \"${PODS_ROOT}/Manifest.lock\" > /dev/null\nif [ $? != 0 ] ; then\n    # print error to STDERR\n    echo \"error: The sandbox is not in sync with the Podfile.lock. Run 'pod install' or update your CocoaPods installation.\" >&2\n    exit 1\nfi\n";
			showEnvVarsInLog = 0;
		};
/* End PBXShellScriptBuildPhase section */

/* Begin PBXSourcesBuildPhase section */
		D5E58ED31E371B9A00E5E029 /* Sources */ = {
			isa = PBXSourcesBuildPhase;
			buildActionMask = 2147483647;
			files = (
				D5E58EDB1E371B9A00E5E029 /* AppDelegate.swift in Sources */,
				D59DD5DD1E371DCB00EB3AEB /* KeyDefinitions.swift in Sources */,
				D59DD5DB1E371D5B00EB3AEB /* PhotosViewController.swift in Sources */,
				D59DD5DF1E37222500EB3AEB /* PhotoTableViewCell.swift in Sources */,
			);
			runOnlyForDeploymentPostprocessing = 0;
		};
/* End PBXSourcesBuildPhase section */

/* Begin PBXVariantGroup section */
		D5E58EDE1E371B9A00E5E029 /* Main.storyboard */ = {
			isa = PBXVariantGroup;
			children = (
				D5E58EDF1E371B9A00E5E029 /* Base */,
			);
			name = Main.storyboard;
			sourceTree = "<group>";
		};
		D5E58EE31E371B9A00E5E029 /* LaunchScreen.storyboard */ = {
			isa = PBXVariantGroup;
			children = (
				D5E58EE41E371B9A00E5E029 /* Base */,
			);
			name = LaunchScreen.storyboard;
			sourceTree = "<group>";
		};
/* End PBXVariantGroup section */

/* Begin XCBuildConfiguration section */
		D5E58EE71E371B9A00E5E029 /* Debug */ = {
			isa = XCBuildConfiguration;
			buildSettings = {
				ALWAYS_SEARCH_USER_PATHS = NO;
				CLANG_ANALYZER_NONNULL = YES;
				CLANG_CXX_LANGUAGE_STANDARD = "gnu++0x";
				CLANG_CXX_LIBRARY = "libc++";
				CLANG_ENABLE_MODULES = YES;
				CLANG_ENABLE_OBJC_ARC = YES;
				CLANG_WARN_BOOL_CONVERSION = YES;
				CLANG_WARN_CONSTANT_CONVERSION = YES;
				CLANG_WARN_DIRECT_OBJC_ISA_USAGE = YES_ERROR;
				CLANG_WARN_DOCUMENTATION_COMMENTS = YES;
				CLANG_WARN_EMPTY_BODY = YES;
				CLANG_WARN_ENUM_CONVERSION = YES;
				CLANG_WARN_INFINITE_RECURSION = YES;
				CLANG_WARN_INT_CONVERSION = YES;
				CLANG_WARN_OBJC_ROOT_CLASS = YES_ERROR;
				CLANG_WARN_SUSPICIOUS_MOVE = YES;
				CLANG_WARN_UNREACHABLE_CODE = YES;
				CLANG_WARN__DUPLICATE_METHOD_MATCH = YES;
				"CODE_SIGN_IDENTITY[sdk=iphoneos*]" = "iPhone Developer";
				COPY_PHASE_STRIP = NO;
				DEBUG_INFORMATION_FORMAT = dwarf;
				ENABLE_STRICT_OBJC_MSGSEND = YES;
				ENABLE_TESTABILITY = YES;
				GCC_C_LANGUAGE_STANDARD = gnu99;
				GCC_DYNAMIC_NO_PIC = NO;
				GCC_NO_COMMON_BLOCKS = YES;
				GCC_OPTIMIZATION_LEVEL = 0;
				GCC_PREPROCESSOR_DEFINITIONS = (
					"DEBUG=1",
					"$(inherited)",
				);
				GCC_WARN_64_TO_32_BIT_CONVERSION = YES;
				GCC_WARN_ABOUT_RETURN_TYPE = YES_ERROR;
				GCC_WARN_UNDECLARED_SELECTOR = YES;
				GCC_WARN_UNINITIALIZED_AUTOS = YES_AGGRESSIVE;
				GCC_WARN_UNUSED_FUNCTION = YES;
				GCC_WARN_UNUSED_VARIABLE = YES;
				IPHONEOS_DEPLOYMENT_TARGET = 10.2;
				MTL_ENABLE_DEBUG_INFO = YES;
				ONLY_ACTIVE_ARCH = YES;
				SDKROOT = iphoneos;
				SWIFT_ACTIVE_COMPILATION_CONDITIONS = DEBUG;
				SWIFT_OPTIMIZATION_LEVEL = "-Onone";
			};
			name = Debug;
		};
		D5E58EE81E371B9A00E5E029 /* Release */ = {
			isa = XCBuildConfiguration;
			buildSettings = {
				ALWAYS_SEARCH_USER_PATHS = NO;
				CLANG_ANALYZER_NONNULL = YES;
				CLANG_CXX_LANGUAGE_STANDARD = "gnu++0x";
				CLANG_CXX_LIBRARY = "libc++";
				CLANG_ENABLE_MODULES = YES;
				CLANG_ENABLE_OBJC_ARC = YES;
				CLANG_WARN_BOOL_CONVERSION = YES;
				CLANG_WARN_CONSTANT_CONVERSION = YES;
				CLANG_WARN_DIRECT_OBJC_ISA_USAGE = YES_ERROR;
				CLANG_WARN_DOCUMENTATION_COMMENTS = YES;
				CLANG_WARN_EMPTY_BODY = YES;
				CLANG_WARN_ENUM_CONVERSION = YES;
				CLANG_WARN_INFINITE_RECURSION = YES;
				CLANG_WARN_INT_CONVERSION = YES;
				CLANG_WARN_OBJC_ROOT_CLASS = YES_ERROR;
				CLANG_WARN_SUSPICIOUS_MOVE = YES;
				CLANG_WARN_UNREACHABLE_CODE = YES;
				CLANG_WARN__DUPLICATE_METHOD_MATCH = YES;
				"CODE_SIGN_IDENTITY[sdk=iphoneos*]" = "iPhone Developer";
				COPY_PHASE_STRIP = NO;
				DEBUG_INFORMATION_FORMAT = "dwarf-with-dsym";
				ENABLE_NS_ASSERTIONS = NO;
				ENABLE_STRICT_OBJC_MSGSEND = YES;
				GCC_C_LANGUAGE_STANDARD = gnu99;
				GCC_NO_COMMON_BLOCKS = YES;
				GCC_WARN_64_TO_32_BIT_CONVERSION = YES;
				GCC_WARN_ABOUT_RETURN_TYPE = YES_ERROR;
				GCC_WARN_UNDECLARED_SELECTOR = YES;
				GCC_WARN_UNINITIALIZED_AUTOS = YES_AGGRESSIVE;
				GCC_WARN_UNUSED_FUNCTION = YES;
				GCC_WARN_UNUSED_VARIABLE = YES;
				IPHONEOS_DEPLOYMENT_TARGET = 10.2;
				MTL_ENABLE_DEBUG_INFO = NO;
				SDKROOT = iphoneos;
				SWIFT_OPTIMIZATION_LEVEL = "-Owholemodule";
				VALIDATE_PRODUCT = YES;
			};
			name = Release;
		};
		D5E58EEA1E371B9A00E5E029 /* Debug */ = {
			isa = XCBuildConfiguration;
			baseConfigurationReference = 4699664461EDE795730ADE64 /* Pods-tumblr.debug.xcconfig */;
			buildSettings = {
				ASSETCATALOG_COMPILER_APPICON_NAME = AppIcon;
				DEVELOPMENT_TEAM = 3QT27T2PJ3;
				INFOPLIST_FILE = tumblr/Info.plist;
				LD_RUNPATH_SEARCH_PATHS = "$(inherited) @executable_path/Frameworks";
				PRODUCT_BUNDLE_IDENTIFIER = com.nickdonald.tumblr;
				PRODUCT_NAME = "$(TARGET_NAME)";
				SWIFT_VERSION = 3.0;
			};
			name = Debug;
		};
		D5E58EEB1E371B9A00E5E029 /* Release */ = {
			isa = XCBuildConfiguration;
			baseConfigurationReference = 238DC9FEFDFFB17D171D22AA /* Pods-tumblr.release.xcconfig */;
			buildSettings = {
				ASSETCATALOG_COMPILER_APPICON_NAME = AppIcon;
				DEVELOPMENT_TEAM = 3QT27T2PJ3;
				INFOPLIST_FILE = tumblr/Info.plist;
				LD_RUNPATH_SEARCH_PATHS = "$(inherited) @executable_path/Frameworks";
				PRODUCT_BUNDLE_IDENTIFIER = com.nickdonald.tumblr;
				PRODUCT_NAME = "$(TARGET_NAME)";
				SWIFT_VERSION = 3.0;
			};
			name = Release;
		};
/* End XCBuildConfiguration section */

/* Begin XCConfigurationList section */
		D5E58ED21E371B9A00E5E029 /* Build configuration list for PBXProject "tumblr" */ = {
			isa = XCConfigurationList;
			buildConfigurations = (
				D5E58EE71E371B9A00E5E029 /* Debug */,
				D5E58EE81E371B9A00E5E029 /* Release */,
			);
			defaultConfigurationIsVisible = 0;
			defaultConfigurationName = Release;
		};
		D5E58EE91E371B9A00E5E029 /* Build configuration list for PBXNativeTarget "tumblr" */ = {
			isa = XCConfigurationList;
			buildConfigurations = (
				D5E58EEA1E371B9A00E5E029 /* Debug */,
				D5E58EEB1E371B9A00E5E029 /* Release */,
			);
			defaultConfigurationIsVisible = 0;
			defaultConfigurationName = Release;
		};
/* End XCConfigurationList section */
	};
	rootObject = D5E58ECF1E371B9A00E5E029 /* Project object */;
}
